
Microsoft Visual Studio Solution File, Format Version 12.00
# Visual Studio Version 16
VisualStudioVersion = 16.0.31105.61
MinimumVisualStudioVersion = 10.0.40219.1
Project("{FAE04EC0-301F-11D3-BF4B-00C04F79EFBC}") = "FindR1_2", "FindR1_2\FindR1_2.csproj", "{9075F8DA-3778-4C14-ABCD-9DD252D062A2}"
EndProject
Global
	GlobalSection(SolutionConfigurationPlatforms) = preSolution
		Debug|Any CPU = Debug|Any CPU
		Release|Any CPU = Release|Any CPU
	EndGlobalSection
	GlobalSection(ProjectConfigurationPlatforms) = postSolution
		{9075F8DA-3778-4C14-ABCD-9DD252D062A2}.Debug|Any CPU.ActiveCfg = Debug|Any CPU
		{9075F8DA-3778-4C14-ABCD-9DD252D062A2}.Debug|Any CPU.Build.0 = Debug|Any CPU
		{9075F8DA-3778-4C14-ABCD-9DD252D062A2}.Release|Any CPU.ActiveCfg = Release|Any CPU
		{9075F8DA-3778-4C14-ABCD-9DD252D062A2}.Release|Any CPU.Build.0 = Release|Any CPU
	EndGlobalSection
	GlobalSection(SolutionProperties) = preSolution
		HideSolutionNode = FALSE
	EndGlobalSection
	GlobalSection(ExtensibilityGlobals) = postSolution
		SolutionGuid = {0C98F663-BC34-4DD1-B8E3-EB1BAF170D68}
	EndGlobalSection
EndGlobal
